
Microsoft Visual Studio Solution File, Format Version 12.00
# Visual Studio 15
VisualStudioVersion = 15.0.28307.271
MinimumVisualStudioVersion = 10.0.40219.1
Project("{FAE04EC0-301F-11D3-BF4B-00C04F79EFBC}") = "CIS199Exam1S19-Console", "CIS199Exam1S19-Console\CIS199Exam1S19-Console.csproj", "{2F91109B-FB08-4E7B-B960-E9B4A66DA9A2}"
EndProject
Global
	GlobalSection(SolutionConfigurationPlatforms) = preSolution
		Debug|Any CPU = Debug|Any CPU
		Release|Any CPU = Release|Any CPU
	EndGlobalSection
	GlobalSection(ProjectConfigurationPlatforms) = postSolution
		{2F91109B-FB08-4E7B-B960-E9B4A66DA9A2}.Debug|Any CPU.ActiveCfg = Debug|Any CPU
		{2F91109B-FB08-4E7B-B960-E9B4A66DA9A2}.Debug|Any CPU.Build.0 = Debug|Any CPU
		{2F91109B-FB08-4E7B-B960-E9B4A66DA9A2}.Release|Any CPU.ActiveCfg = Release|Any CPU
		{2F91109B-FB08-4E7B-B960-E9B4A66DA9A2}.Release|Any CPU.Build.0 = Release|Any CPU
	EndGlobalSection
	GlobalSection(SolutionProperties) = preSolution
		HideSolutionNode = FALSE
	EndGlobalSection
	GlobalSection(ExtensibilityGlobals) = postSolution
		SolutionGuid = {B08A6E20-AC93-4DAC-BE97-0592E12843E6}
	EndGlobalSection
EndGlobal
